// !$*UTF8*$!
{
	archiveVersion = 1;
	classes = {
	};
	objectVersion = 48;
	objects = {

/* Begin PBXBuildFile section */
		4908544B1F93F0A90057A87B /* AppDelegate.swift in Sources */ = {isa = PBXBuildFile; fileRef = 4908544A1F93F0A90057A87B /* AppDelegate.swift */; };
		490854501F93F0A90057A87B /* Main.storyboard in Resources */ = {isa = PBXBuildFile; fileRef = 4908544E1F93F0A90057A87B /* Main.storyboard */; };
		490854551F93F0A90057A87B /* LaunchScreen.storyboard in Resources */ = {isa = PBXBuildFile; fileRef = 490854531F93F0A90057A87B /* LaunchScreen.storyboard */; };
		49277AA41F93F60C00E8F886 /* LogInVC.swift in Sources */ = {isa = PBXBuildFile; fileRef = 49277AA31F93F60C00E8F886 /* LogInVC.swift */; };
		4987CD8A1FA660C400A6887D /* PostCell.swift in Sources */ = {isa = PBXBuildFile; fileRef = 4987CD891FA660C400A6887D /* PostCell.swift */; };
		498AAD221FA651C300F506AD /* Shadowble.swift in Sources */ = {isa = PBXBuildFile; fileRef = 498AAD211FA651C300F506AD /* Shadowble.swift */; };
		498E389B1FA5204500A7E19E /* GoogleService-Info.plist in Resources */ = {isa = PBXBuildFile; fileRef = 49FAA3A11FA51C3600FF9CBE /* GoogleService-Info.plist */; };
		498E389D1FA5218100A7E19E /* FeedVC.swift in Sources */ = {isa = PBXBuildFile; fileRef = 498E389C1FA5218100A7E19E /* FeedVC.swift */; };
		49923FA91F9931C100AAF9A6 /* HeaderSignInView.swift in Sources */ = {isa = PBXBuildFile; fileRef = 49923FA81F9931C100AAF9A6 /* HeaderSignInView.swift */; };
		49923FAC1F99322F00AAF9A6 /* Constants.swift in Sources */ = {isa = PBXBuildFile; fileRef = 49923FAB1F99322F00AAF9A6 /* Constants.swift */; };
		49923FAE1F99463600AAF9A6 /* SignInButton.swift in Sources */ = {isa = PBXBuildFile; fileRef = 49923FAD1F99463600AAF9A6 /* SignInButton.swift */; };
		49979B101FA602CA00127B8E /* CircleImage.swift in Sources */ = {isa = PBXBuildFile; fileRef = 49979B0F1FA602CA00127B8E /* CircleImage.swift */; };
		49979B141FA604BB00127B8E /* ShadowView.swift in Sources */ = {isa = PBXBuildFile; fileRef = 49979B131FA604BB00127B8E /* ShadowView.swift */; };
		49979B161FA60C7400127B8E /* Images.xcassets in Resources */ = {isa = PBXBuildFile; fileRef = 49979B151FA60C7400127B8E /* Images.xcassets */; };
		9FF758F9D3D61E13C613809A /* Pods_socialApp.framework in Frameworks */ = {isa = PBXBuildFile; fileRef = BFA4A4068E86A33BD7923827 /* Pods_socialApp.framework */; };
/* End PBXBuildFile section */

/* Begin PBXFileReference section */
		490854471F93F0A90057A87B /* socialApp.app */ = {isa = PBXFileReference; explicitFileType = wrapper.application; includeInIndex = 0; path = socialApp.app; sourceTree = BUILT_PRODUCTS_DIR; };
		4908544A1F93F0A90057A87B /* AppDelegate.swift */ = {isa = PBXFileReference; lastKnownFileType = sourcecode.swift; path = AppDelegate.swift; sourceTree = "<group>"; };
		4908544F1F93F0A90057A87B /* Base */ = {isa = PBXFileReference; lastKnownFileType = file.storyboard; name = Base; path = Base.lproj/Main.storyboard; sourceTree = "<group>"; };
		490854541F93F0A90057A87B /* Base */ = {isa = PBXFileReference; lastKnownFileType = file.storyboard; name = Base; path = Base.lproj/LaunchScreen.storyboard; sourceTree = "<group>"; };
		490854561F93F0A90057A87B /* Info.plist */ = {isa = PBXFileReference; lastKnownFileType = text.plist.xml; path = Info.plist; sourceTree = "<group>"; };
		49277AA31F93F60C00E8F886 /* LogInVC.swift */ = {isa = PBXFileReference; lastKnownFileType = sourcecode.swift; path = LogInVC.swift; sourceTree = "<group>"; };
		4987CD891FA660C400A6887D /* PostCell.swift */ = {isa = PBXFileReference; lastKnownFileType = sourcecode.swift; path = PostCell.swift; sourceTree = "<group>"; };
		498AAD211FA651C300F506AD /* Shadowble.swift */ = {isa = PBXFileReference; lastKnownFileType = sourcecode.swift; path = Shadowble.swift; sourceTree = "<group>"; };
		498E389C1FA5218100A7E19E /* FeedVC.swift */ = {isa = PBXFileReference; lastKnownFileType = sourcecode.swift; path = FeedVC.swift; sourceTree = "<group>"; };
		49923FA81F9931C100AAF9A6 /* HeaderSignInView.swift */ = {isa = PBXFileReference; lastKnownFileType = sourcecode.swift; path = HeaderSignInView.swift; sourceTree = "<group>"; };
		49923FAB1F99322F00AAF9A6 /* Constants.swift */ = {isa = PBXFileReference; lastKnownFileType = sourcecode.swift; path = Constants.swift; sourceTree = "<group>"; };
		49923FAD1F99463600AAF9A6 /* SignInButton.swift */ = {isa = PBXFileReference; lastKnownFileType = sourcecode.swift; path = SignInButton.swift; sourceTree = "<group>"; };
		49979B0F1FA602CA00127B8E /* CircleImage.swift */ = {isa = PBXFileReference; lastKnownFileType = sourcecode.swift; path = CircleImage.swift; sourceTree = "<group>"; };
		49979B131FA604BB00127B8E /* ShadowView.swift */ = {isa = PBXFileReference; lastKnownFileType = sourcecode.swift; path = ShadowView.swift; sourceTree = "<group>"; };
		49979B151FA60C7400127B8E /* Images.xcassets */ = {isa = PBXFileReference; lastKnownFileType = folder.assetcatalog; path = Images.xcassets; sourceTree = "<group>"; };
		49AE96E51F9FB9E60065848E /* socialApp.entitlements */ = {isa = PBXFileReference; lastKnownFileType = text.plist.entitlements; path = socialApp.entitlements; sourceTree = "<group>"; };
		49FAA3A11FA51C3600FF9CBE /* GoogleService-Info.plist */ = {isa = PBXFileReference; lastKnownFileType = text.plist.xml; name = "GoogleService-Info.plist"; path = "../../../../../Downloads/GoogleService-Info.plist"; sourceTree = "<group>"; };
		9B7A00267EE28F102DFB3420 /* Pods-socialApp.release.xcconfig */ = {isa = PBXFileReference; includeInIndex = 1; lastKnownFileType = text.xcconfig; name = "Pods-socialApp.release.xcconfig"; path = "Pods/Target Support Files/Pods-socialApp/Pods-socialApp.release.xcconfig"; sourceTree = "<group>"; };
		BFA4A4068E86A33BD7923827 /* Pods_socialApp.framework */ = {isa = PBXFileReference; explicitFileType = wrapper.framework; includeInIndex = 0; path = Pods_socialApp.framework; sourceTree = BUILT_PRODUCTS_DIR; };
		DD14FB500E4B00EE9FC09CA3 /* Pods-socialApp.debug.xcconfig */ = {isa = PBXFileReference; includeInIndex = 1; lastKnownFileType = text.xcconfig; name = "Pods-socialApp.debug.xcconfig"; path = "Pods/Target Support Files/Pods-socialApp/Pods-socialApp.debug.xcconfig"; sourceTree = "<group>"; };
/* End PBXFileReference section */

/* Begin PBXFrameworksBuildPhase section */
		490854441F93F0A90057A87B /* Frameworks */ = {
			isa = PBXFrameworksBuildPhase;
			buildActionMask = 2147483647;
			files = (
				9FF758F9D3D61E13C613809A /* Pods_socialApp.framework in Frameworks */,
			);
			runOnlyForDeploymentPostprocessing = 0;
		};
/* End PBXFrameworksBuildPhase section */

/* Begin PBXGroup section */
		4908543E1F93F0A90057A87B = {
			isa = PBXGroup;
			children = (
				490854491F93F0A90057A87B /* socialApp */,
				490854481F93F0A90057A87B /* Products */,
				CE589B39A6A2E38393023973 /* Pods */,
				DE19BBECC3CE5EA9AF05A24A /* Frameworks */,
			);
			sourceTree = "<group>";
		};
		490854481F93F0A90057A87B /* Products */ = {
			isa = PBXGroup;
			children = (
				490854471F93F0A90057A87B /* socialApp.app */,
			);
			name = Products;
			sourceTree = "<group>";
		};
		490854491F93F0A90057A87B /* socialApp */ = {
			isa = PBXGroup;
			children = (
				49AE96E51F9FB9E60065848E /* socialApp.entitlements */,
				49923FAA1F9931D600AAF9A6 /* Utils */,
				49277AA11F93F5B200E8F886 /* Model */,
				49277AA01F93F5AB00E8F886 /* View */,
				49277AA21F93F5B800E8F886 /* Controller */,
				498AAD201FA6516000F506AD /* Protocols */,
				4908544A1F93F0A90057A87B /* AppDelegate.swift */,
				4908544E1F93F0A90057A87B /* Main.storyboard */,
				49979B151FA60C7400127B8E /* Images.xcassets */,
				490854531F93F0A90057A87B /* LaunchScreen.storyboard */,
				49FAA3A11FA51C3600FF9CBE /* GoogleService-Info.plist */,
				490854561F93F0A90057A87B /* Info.plist */,
			);
			path = socialApp;
			sourceTree = "<group>";
		};
		49277AA01F93F5AB00E8F886 /* View */ = {
			isa = PBXGroup;
			children = (
				49923FA81F9931C100AAF9A6 /* HeaderSignInView.swift */,
				49923FAD1F99463600AAF9A6 /* SignInButton.swift */,
				49979B0F1FA602CA00127B8E /* CircleImage.swift */,
				49979B131FA604BB00127B8E /* ShadowView.swift */,
				4987CD891FA660C400A6887D /* PostCell.swift */,
			);
			path = View;
			sourceTree = "<group>";
		};
		49277AA11F93F5B200E8F886 /* Model */ = {
			isa = PBXGroup;
			children = (
			);
			path = Model;
			sourceTree = "<group>";
		};
		49277AA21F93F5B800E8F886 /* Controller */ = {
			isa = PBXGroup;
			children = (
				49277AA31F93F60C00E8F886 /* LogInVC.swift */,
				498E389C1FA5218100A7E19E /* FeedVC.swift */,
			);
			path = Controller;
			sourceTree = "<group>";
		};
		498AAD201FA6516000F506AD /* Protocols */ = {
			isa = PBXGroup;
			children = (
				498AAD211FA651C300F506AD /* Shadowble.swift */,
			);
			path = Protocols;
			sourceTree = "<group>";
		};
		49923FAA1F9931D600AAF9A6 /* Utils */ = {
			isa = PBXGroup;
			children = (
				49923FAB1F99322F00AAF9A6 /* Constants.swift */,
			);
			path = Utils;
			sourceTree = "<group>";
		};
		CE589B39A6A2E38393023973 /* Pods */ = {
			isa = PBXGroup;
			children = (
				DD14FB500E4B00EE9FC09CA3 /* Pods-socialApp.debug.xcconfig */,
				9B7A00267EE28F102DFB3420 /* Pods-socialApp.release.xcconfig */,
			);
			name = Pods;
			sourceTree = "<group>";
		};
		DE19BBECC3CE5EA9AF05A24A /* Frameworks */ = {
			isa = PBXGroup;
			children = (
				BFA4A4068E86A33BD7923827 /* Pods_socialApp.framework */,
			);
			name = Frameworks;
			sourceTree = "<group>";
		};
/* End PBXGroup section */

/* Begin PBXNativeTarget section */
		490854461F93F0A90057A87B /* socialApp */ = {
			isa = PBXNativeTarget;
			buildConfigurationList = 490854591F93F0A90057A87B /* Build configuration list for PBXNativeTarget "socialApp" */;
			buildPhases = (
				A2B17381B9D1747D92A9A8DB /* [CP] Check Pods Manifest.lock */,
				490854431F93F0A90057A87B /* Sources */,
				490854441F93F0A90057A87B /* Frameworks */,
				490854451F93F0A90057A87B /* Resources */,
				F72629644A616FF45D06FA62 /* [CP] Embed Pods Frameworks */,
				A6E3CE286EA347EA9C5882DB /* [CP] Copy Pods Resources */,
			);
			buildRules = (
			);
			dependencies = (
			);
			name = socialApp;
			productName = socialApp;
			productReference = 490854471F93F0A90057A87B /* socialApp.app */;
			productType = "com.apple.product-type.application";
		};
/* End PBXNativeTarget section */

/* Begin PBXProject section */
		4908543F1F93F0A90057A87B /* Project object */ = {
			isa = PBXProject;
			attributes = {
				LastSwiftUpdateCheck = 0900;
				LastUpgradeCheck = 0900;
				ORGANIZATIONNAME = "Luis  Costa";
				TargetAttributes = {
					490854461F93F0A90057A87B = {
						CreatedOnToolsVersion = 9.0;
						ProvisioningStyle = Automatic;
						SystemCapabilities = {
							com.apple.Keychain = {
								enabled = 0;
							};
						};
					};
				};
			};
			buildConfigurationList = 490854421F93F0A90057A87B /* Build configuration list for PBXProject "socialApp" */;
			compatibilityVersion = "Xcode 8.0";
			developmentRegion = en;
			hasScannedForEncodings = 0;
			knownRegions = (
				en,
				Base,
			);
			mainGroup = 4908543E1F93F0A90057A87B;
			productRefGroup = 490854481F93F0A90057A87B /* Products */;
			projectDirPath = "";
			projectRoot = "";
			targets = (
				490854461F93F0A90057A87B /* socialApp */,
			);
		};
/* End PBXProject section */

/* Begin PBXResourcesBuildPhase section */
		490854451F93F0A90057A87B /* Resources */ = {
			isa = PBXResourcesBuildPhase;
			buildActionMask = 2147483647;
			files = (
				490854551F93F0A90057A87B /* LaunchScreen.storyboard in Resources */,
				49979B161FA60C7400127B8E /* Images.xcassets in Resources */,
				498E389B1FA5204500A7E19E /* GoogleService-Info.plist in Resources */,
				490854501F93F0A90057A87B /* Main.storyboard in Resources */,
			);
			runOnlyForDeploymentPostprocessing = 0;
		};
/* End PBXResourcesBuildPhase section */

/* Begin PBXShellScriptBuildPhase section */
		A2B17381B9D1747D92A9A8DB /* [CP] Check Pods Manifest.lock */ = {
			isa = PBXShellScriptBuildPhase;
			buildActionMask = 2147483647;
			files = (
			);
			inputPaths = (
				"${PODS_PODFILE_DIR_PATH}/Podfile.lock",
				"${PODS_ROOT}/Manifest.lock",
			);
			name = "[CP] Check Pods Manifest.lock";
			outputPaths = (
				"$(DERIVED_FILE_DIR)/Pods-socialApp-checkManifestLockResult.txt",
			);
			runOnlyForDeploymentPostprocessing = 0;
			shellPath = /bin/sh;
			shellScript = "diff \"${PODS_PODFILE_DIR_PATH}/Podfile.lock\" \"${PODS_ROOT}/Manifest.lock\" > /dev/null\nif [ $? != 0 ] ; then\n    # print error to STDERR\n    echo \"error: The sandbox is not in sync with the Podfile.lock. Run 'pod install' or update your CocoaPods installation.\" >&2\n    exit 1\nfi\n# This output is used by Xcode 'outputs' to avoid re-running this script phase.\necho \"SUCCESS\" > \"${SCRIPT_OUTPUT_FILE_0}\"\n";
			showEnvVarsInLog = 0;
		};
		A6E3CE286EA347EA9C5882DB /* [CP] Copy Pods Resources */ = {
			isa = PBXShellScriptBuildPhase;
			buildActionMask = 2147483647;
			files = (
			);
			inputPaths = (
				"${SRCROOT}/Pods/Target Support Files/Pods-socialApp/Pods-socialApp-resources.sh",
				"$PODS_CONFIGURATION_BUILD_DIR/FirebaseUI/FirebaseAuthUI.bundle",
				"$PODS_CONFIGURATION_BUILD_DIR/FirebaseUI/FirebaseFacebookAuthUI.bundle",
			);
			name = "[CP] Copy Pods Resources";
			outputPaths = (
				"${TARGET_BUILD_DIR}/${UNLOCALIZED_RESOURCES_FOLDER_PATH}",
			);
			runOnlyForDeploymentPostprocessing = 0;
			shellPath = /bin/sh;
			shellScript = "\"${SRCROOT}/Pods/Target Support Files/Pods-socialApp/Pods-socialApp-resources.sh\"\n";
			showEnvVarsInLog = 0;
		};
		F72629644A616FF45D06FA62 /* [CP] Embed Pods Frameworks */ = {
			isa = PBXShellScriptBuildPhase;
			buildActionMask = 2147483647;
			files = (
			);
			inputPaths = (
				"${SRCROOT}/Pods/Target Support Files/Pods-socialApp/Pods-socialApp-frameworks.sh",
				"${BUILT_PRODUCTS_DIR}/Bolts/Bolts.framework",
				"${BUILT_PRODUCTS_DIR}/FBSDKCoreKit/FBSDKCoreKit.framework",
				"${BUILT_PRODUCTS_DIR}/FBSDKLoginKit/FBSDKLoginKit.framework",
				"${BUILT_PRODUCTS_DIR}/GTMSessionFetcher/GTMSessionFetcher.framework",
				"${BUILT_PRODUCTS_DIR}/GoogleToolboxForMac/GoogleToolboxForMac.framework",
				"${BUILT_PRODUCTS_DIR}/IQKeyboardManagerSwift/IQKeyboardManagerSwift.framework",
				"${BUILT_PRODUCTS_DIR}/SwiftKeychainWrapper/SwiftKeychainWrapper.framework",
				"${BUILT_PRODUCTS_DIR}/leveldb-library/leveldb.framework",
				"${BUILT_PRODUCTS_DIR}/nanopb/nanopb.framework",
			);
			name = "[CP] Embed Pods Frameworks";
			outputPaths = (
				"${TARGET_BUILD_DIR}/${FRAMEWORKS_FOLDER_PATH}/Bolts.framework",
				"${TARGET_BUILD_DIR}/${FRAMEWORKS_FOLDER_PATH}/FBSDKCoreKit.framework",
				"${TARGET_BUILD_DIR}/${FRAMEWORKS_FOLDER_PATH}/FBSDKLoginKit.framework",
				"${TARGET_BUILD_DIR}/${FRAMEWORKS_FOLDER_PATH}/GTMSessionFetcher.framework",
				"${TARGET_BUILD_DIR}/${FRAMEWORKS_FOLDER_PATH}/GoogleToolboxForMac.framework",
				"${TARGET_BUILD_DIR}/${FRAMEWORKS_FOLDER_PATH}/IQKeyboardManagerSwift.framework",
				"${TARGET_BUILD_DIR}/${FRAMEWORKS_FOLDER_PATH}/SwiftKeychainWrapper.framework",
				"${TARGET_BUILD_DIR}/${FRAMEWORKS_FOLDER_PATH}/leveldb.framework",
				"${TARGET_BUILD_DIR}/${FRAMEWORKS_FOLDER_PATH}/nanopb.framework",
			);
			runOnlyForDeploymentPostprocessing = 0;
			shellPath = /bin/sh;
			shellScript = "\"${SRCROOT}/Pods/Target Support Files/Pods-socialApp/Pods-socialApp-frameworks.sh\"\n";
			showEnvVarsInLog = 0;
		};
/* End PBXShellScriptBuildPhase section */

/* Begin PBXSourcesBuildPhase section */
		490854431F93F0A90057A87B /* Sources */ = {
			isa = PBXSourcesBuildPhase;
			buildActionMask = 2147483647;
			files = (
				498E389D1FA5218100A7E19E /* FeedVC.swift in Sources */,
				498AAD221FA651C300F506AD /* Shadowble.swift in Sources */,
				49923FAE1F99463600AAF9A6 /* SignInButton.swift in Sources */,
				49277AA41F93F60C00E8F886 /* LogInVC.swift in Sources */,
				49979B101FA602CA00127B8E /* CircleImage.swift in Sources */,
				49979B141FA604BB00127B8E /* ShadowView.swift in Sources */,
				49923FA91F9931C100AAF9A6 /* HeaderSignInView.swift in Sources */,
				4908544B1F93F0A90057A87B /* AppDelegate.swift in Sources */,
				49923FAC1F99322F00AAF9A6 /* Constants.swift in Sources */,
				4987CD8A1FA660C400A6887D /* PostCell.swift in Sources */,
			);
			runOnlyForDeploymentPostprocessing = 0;
		};
/* End PBXSourcesBuildPhase section */

/* Begin PBXVariantGroup section */
		4908544E1F93F0A90057A87B /* Main.storyboard */ = {
			isa = PBXVariantGroup;
			children = (
				4908544F1F93F0A90057A87B /* Base */,
			);
			name = Main.storyboard;
			sourceTree = "<group>";
		};
		490854531F93F0A90057A87B /* LaunchScreen.storyboard */ = {
			isa = PBXVariantGroup;
			children = (
				490854541F93F0A90057A87B /* Base */,
			);
			name = LaunchScreen.storyboard;
			sourceTree = "<group>";
		};
/* End PBXVariantGroup section */

/* Begin XCBuildConfiguration section */
		490854571F93F0A90057A87B /* Debug */ = {
			isa = XCBuildConfiguration;
			buildSettings = {
				ALWAYS_SEARCH_USER_PATHS = NO;
				CLANG_ANALYZER_NONNULL = YES;
				CLANG_ANALYZER_NUMBER_OBJECT_CONVERSION = YES_AGGRESSIVE;
				CLANG_CXX_LANGUAGE_STANDARD = "gnu++14";
				CLANG_CXX_LIBRARY = "libc++";
				CLANG_ENABLE_MODULES = YES;
				CLANG_ENABLE_OBJC_ARC = YES;
				CLANG_WARN_BLOCK_CAPTURE_AUTORELEASING = YES;
				CLANG_WARN_BOOL_CONVERSION = YES;
				CLANG_WARN_COMMA = YES;
				CLANG_WARN_CONSTANT_CONVERSION = YES;
				CLANG_WARN_DIRECT_OBJC_ISA_USAGE = YES_ERROR;
				CLANG_WARN_DOCUMENTATION_COMMENTS = YES;
				CLANG_WARN_EMPTY_BODY = YES;
				CLANG_WARN_ENUM_CONVERSION = YES;
				CLANG_WARN_INFINITE_RECURSION = YES;
				CLANG_WARN_INT_CONVERSION = YES;
				CLANG_WARN_NON_LITERAL_NULL_CONVERSION = YES;
				CLANG_WARN_OBJC_LITERAL_CONVERSION = YES;
				CLANG_WARN_OBJC_ROOT_CLASS = YES_ERROR;
				CLANG_WARN_RANGE_LOOP_ANALYSIS = YES;
				CLANG_WARN_STRICT_PROTOTYPES = YES;
				CLANG_WARN_SUSPICIOUS_MOVE = YES;
				CLANG_WARN_UNGUARDED_AVAILABILITY = YES_AGGRESSIVE;
				CLANG_WARN_UNREACHABLE_CODE = YES;
				CLANG_WARN__DUPLICATE_METHOD_MATCH = YES;
				CODE_SIGN_IDENTITY = "iPhone Developer";
				COPY_PHASE_STRIP = NO;
				DEBUG_INFORMATION_FORMAT = dwarf;
				ENABLE_STRICT_OBJC_MSGSEND = YES;
				ENABLE_TESTABILITY = YES;
				GCC_C_LANGUAGE_STANDARD = gnu11;
				GCC_DYNAMIC_NO_PIC = NO;
				GCC_NO_COMMON_BLOCKS = YES;
				GCC_OPTIMIZATION_LEVEL = 0;
				GCC_PREPROCESSOR_DEFINITIONS = (
					"DEBUG=1",
					"$(inherited)",
				);
				GCC_WARN_64_TO_32_BIT_CONVERSION = YES;
				GCC_WARN_ABOUT_RETURN_TYPE = YES_ERROR;
				GCC_WARN_UNDECLARED_SELECTOR = YES;
				GCC_WARN_UNINITIALIZED_AUTOS = YES_AGGRESSIVE;
				GCC_WARN_UNUSED_FUNCTION = YES;
				GCC_WARN_UNUSED_VARIABLE = YES;
				IPHONEOS_DEPLOYMENT_TARGET = 11.0;
				MTL_ENABLE_DEBUG_INFO = YES;
				ONLY_ACTIVE_ARCH = YES;
				SDKROOT = iphoneos;
				SWIFT_ACTIVE_COMPILATION_CONDITIONS = DEBUG;
				SWIFT_OPTIMIZATION_LEVEL = "-Onone";
			};
			name = Debug;
		};
		490854581F93F0A90057A87B /* Release */ = {
			isa = XCBuildConfiguration;
			buildSettings = {
				ALWAYS_SEARCH_USER_PATHS = NO;
				CLANG_ANALYZER_NONNULL = YES;
				CLANG_ANALYZER_NUMBER_OBJECT_CONVERSION = YES_AGGRESSIVE;
				CLANG_CXX_LANGUAGE_STANDARD = "gnu++14";
				CLANG_CXX_LIBRARY = "libc++";
				CLANG_ENABLE_MODULES = YES;
				CLANG_ENABLE_OBJC_ARC = YES;
				CLANG_WARN_BLOCK_CAPTURE_AUTORELEASING = YES;
				CLANG_WARN_BOOL_CONVERSION = YES;
				CLANG_WARN_COMMA = YES;
				CLANG_WARN_CONSTANT_CONVERSION = YES;
				CLANG_WARN_DIRECT_OBJC_ISA_USAGE = YES_ERROR;
				CLANG_WARN_DOCUMENTATION_COMMENTS = YES;
				CLANG_WARN_EMPTY_BODY = YES;
				CLANG_WARN_ENUM_CONVERSION = YES;
				CLANG_WARN_INFINITE_RECURSION = YES;
				CLANG_WARN_INT_CONVERSION = YES;
				CLANG_WARN_NON_LITERAL_NULL_CONVERSION = YES;
				CLANG_WARN_OBJC_LITERAL_CONVERSION = YES;
				CLANG_WARN_OBJC_ROOT_CLASS = YES_ERROR;
				CLANG_WARN_RANGE_LOOP_ANALYSIS = YES;
				CLANG_WARN_STRICT_PROTOTYPES = YES;
				CLANG_WARN_SUSPICIOUS_MOVE = YES;
				CLANG_WARN_UNGUARDED_AVAILABILITY = YES_AGGRESSIVE;
				CLANG_WARN_UNREACHABLE_CODE = YES;
				CLANG_WARN__DUPLICATE_METHOD_MATCH = YES;
				CODE_SIGN_IDENTITY = "iPhone Developer";
				COPY_PHASE_STRIP = NO;
				DEBUG_INFORMATION_FORMAT = "dwarf-with-dsym";
				ENABLE_NS_ASSERTIONS = NO;
				ENABLE_STRICT_OBJC_MSGSEND = YES;
				GCC_C_LANGUAGE_STANDARD = gnu11;
				GCC_NO_COMMON_BLOCKS = YES;
				GCC_WARN_64_TO_32_BIT_CONVERSION = YES;
				GCC_WARN_ABOUT_RETURN_TYPE = YES_ERROR;
				GCC_WARN_UNDECLARED_SELECTOR = YES;
				GCC_WARN_UNINITIALIZED_AUTOS = YES_AGGRESSIVE;
				GCC_WARN_UNUSED_FUNCTION = YES;
				GCC_WARN_UNUSED_VARIABLE = YES;
				IPHONEOS_DEPLOYMENT_TARGET = 11.0;
				MTL_ENABLE_DEBUG_INFO = NO;
				SDKROOT = iphoneos;
				SWIFT_OPTIMIZATION_LEVEL = "-Owholemodule";
				VALIDATE_PRODUCT = YES;
			};
			name = Release;
		};
		4908545A1F93F0A90057A87B /* Debug */ = {
			isa = XCBuildConfiguration;
			baseConfigurationReference = DD14FB500E4B00EE9FC09CA3 /* Pods-socialApp.debug.xcconfig */;
			buildSettings = {
				ASSETCATALOG_COMPILER_APPICON_NAME = AppIcon;
				CODE_SIGN_STYLE = Automatic;
				DEVELOPMENT_TEAM = 423W5F3JD5;
				INFOPLIST_FILE = socialApp/Info.plist;
				IPHONEOS_DEPLOYMENT_TARGET = 11.0;
				LD_RUNPATH_SEARCH_PATHS = "$(inherited) @executable_path/Frameworks";
				PRODUCT_BUNDLE_IDENTIFIER = com.lmbcosta.socialApp;
				PRODUCT_NAME = "$(TARGET_NAME)";
				SWIFT_VERSION = 4.0;
				TARGETED_DEVICE_FAMILY = "1,2";
			};
			name = Debug;
		};
		4908545B1F93F0A90057A87B /* Release */ = {
			isa = XCBuildConfiguration;
			baseConfigurationReference = 9B7A00267EE28F102DFB3420 /* Pods-socialApp.release.xcconfig */;
			buildSettings = {
				ASSETCATALOG_COMPILER_APPICON_NAME = AppIcon;
				CODE_SIGN_STYLE = Automatic;
				DEVELOPMENT_TEAM = 423W5F3JD5;
				INFOPLIST_FILE = socialApp/Info.plist;
				IPHONEOS_DEPLOYMENT_TARGET = 11.0;
				LD_RUNPATH_SEARCH_PATHS = "$(inherited) @executable_path/Frameworks";
				PRODUCT_BUNDLE_IDENTIFIER = com.lmbcosta.socialApp;
				PRODUCT_NAME = "$(TARGET_NAME)";
				SWIFT_VERSION = 4.0;
				TARGETED_DEVICE_FAMILY = "1,2";
			};
			name = Release;
		};
/* End XCBuildConfiguration section */

/* Begin XCConfigurationList section */
		490854421F93F0A90057A87B /* Build configuration list for PBXProject "socialApp" */ = {
			isa = XCConfigurationList;
			buildConfigurations = (
				490854571F93F0A90057A87B /* Debug */,
				490854581F93F0A90057A87B /* Release */,
			);
			defaultConfigurationIsVisible = 0;
			defaultConfigurationName = Release;
		};
		490854591F93F0A90057A87B /* Build configuration list for PBXNativeTarget "socialApp" */ = {
			isa = XCConfigurationList;
			buildConfigurations = (
				4908545A1F93F0A90057A87B /* Debug */,
				4908545B1F93F0A90057A87B /* Release */,
			);
			defaultConfigurationIsVisible = 0;
			defaultConfigurationName = Release;
		};
/* End XCConfigurationList section */
	};
	rootObject = 4908543F1F93F0A90057A87B /* Project object */;
}
